<?xml version="1.0" encoding="UTF-8" standalone="yes" ?>
<CodeBlocks_project_file>
	<FileVersion major="1" minor="6" />
	<Project>
		<Option title="qsp" />
		<Option pch_mode="0" />
		<Option compiler="gcc" />
		<Build>
			<Target title="Release">
				<Option output="..\_release\qsp.dll" prefix_auto="0" extension_auto="0" />
				<Option type="3" />
				<Option compiler="gcc" />
				<Option createDefFile="1" />
				<Option createStaticLib="1" />
				<Compiler>
					<Add option="-fexpensive-optimizations" />
					<Add option="-Os" />
					<Add option="-O3" />
					<Add option="-O2" />
					<Add option="-O1" />
					<Add option="-O" />
					<Add option="-D_WIN" />
					<Add option="-DNOT_RUBY" />
					<Add option="-DEXPORT" />
				</Compiler>
				<Linker>
					<Add option="-s" />
				</Linker>
			</Target>
			<Target title="Release Unicode">
				<Option output="..\_release\qsp.dll" prefix_auto="0" extension_auto="0" />
				<Option type="3" />
				<Option compiler="gcc" />
				<Option createDefFile="1" />
				<Option createStaticLib="1" />
				<Compiler>
					<Add option="-fexpensive-optimizations" />
					<Add option="-Os" />
					<Add option="-O3" />
					<Add option="-O2" />
					<Add option="-O1" />
					<Add option="-O" />
					<Add option="-D_WIN" />
					<Add option="-D_UNICODE" />
					<Add option="-DNOT_RUBY" />
					<Add option="-DEXPORT" />
				</Compiler>
				<Linker>
					<Add option="-s" />
				</Linker>
			</Target>
		</Build>
		<VirtualTargets>
			<Add alias="All" targets="Release;" />
		</VirtualTargets>
		<Unit filename="src\_control.c">
			<Option compilerVar="CC" />
		</Unit>
		<Unit filename="src\actions.c">
			<Option compilerVar="CC" />
		</Unit>
		<Unit filename="src\callbacks.c">
			<Option compilerVar="CC" />
		</Unit>
		<Unit filename="src\codetools.c">
			<Option compilerVar="CC" />
		</Unit>
		<Unit filename="src\coding.c">
			<Option compilerVar="CC" />
		</Unit>
		<Unit filename="src\common.c">
			<Option compilerVar="CC" />
		</Unit>
		<Unit filename="src\declarations.h" />
		<Unit filename="src\game.c">
			<Option compilerVar="CC" />
		</Unit>
		<Unit filename="src\locations.c">
			<Option compilerVar="CC" />
		</Unit>
		<Unit filename="src\math.c">
			<Option compilerVar="CC" />
		</Unit>
		<Unit filename="src\math.h" />
		<Unit filename="src\memwatch.c">
			<Option compilerVar="CC" />
		</Unit>
		<Unit filename="src\memwatch.h" />
		<Unit filename="src\objects.c">
			<Option compilerVar="CC" />
		</Unit>
		<Unit filename="src\onig\config.h" />
		<Unit filename="src\onig\enc\ascii.c">
			<Option compilerVar="CC" />
		</Unit>
		<Unit filename="src\onig\enc\cp1251.c">
			<Option compilerVar="CC" />
		</Unit>
		<Unit filename="src\onig\enc\koi8_r.c">
			<Option compilerVar="CC" />
		</Unit>
		<Unit filename="src\onig\enc\unicode.c">
			<Option compilerVar="CC" />
		</Unit>
		<Unit filename="src\onig\enc\utf16_le.c">
			<Option compilerVar="CC" />
		</Unit>
		<Unit filename="src\onig\enc\utf32_le.c">
			<Option compilerVar="CC" />
		</Unit>
		<Unit filename="src\onig\oniguruma.h" />
		<Unit filename="src\onig\regcomp.c">
			<Option compilerVar="CC" />
		</Unit>
		<Unit filename="src\onig\regenc.c">
			<Option compilerVar="CC" />
		</Unit>
		<Unit filename="src\onig\regenc.h" />
		<Unit filename="src\onig\regerror.c">
			<Option compilerVar="CC" />
		</Unit>
		<Unit filename="src\onig\regexec.c">
			<Option compilerVar="CC" />
		</Unit>
		<Unit filename="src\onig\regint.h" />
		<Unit filename="src\onig\regparse.c">
			<Option compilerVar="CC" />
		</Unit>
		<Unit filename="src\onig\regparse.h" />
		<Unit filename="src\onig\regsyntax.c">
			<Option compilerVar="CC" />
		</Unit>
		<Unit filename="src\onig\regtrav.c">
			<Option compilerVar="CC" />
		</Unit>
		<Unit filename="src\onig\regversion.c">
			<Option compilerVar="CC" />
		</Unit>
		<Unit filename="src\onig\st.c">
			<Option compilerVar="CC" />
		</Unit>
		<Unit filename="src\onig\st.h" />
		<Unit filename="src\playlist.c">
			<Option compilerVar="CC" />
		</Unit>
		<Unit filename="src\qsp.h" />
		<Unit filename="src\statements.c">
			<Option compilerVar="CC" />
		</Unit>
		<Unit filename="src\statements.h" />
		<Unit filename="src\text.c">
			<Option compilerVar="CC" />
		</Unit>
		<Unit filename="src\variables.c">
			<Option compilerVar="CC" />
		</Unit>
		<Unit filename="src\variables.h" />
		<Unit filename="src\variant.c">
			<Option compilerVar="CC" />
		</Unit>
		<Extensions>
			<code_completion />
			<envvars />
			<debugger />
		</Extensions>
	</Project>
</CodeBlocks_project_file>
