<?xml version="1.0" encoding="utf-8"?>
<Project ToolsVersion="4.0" xmlns="http://schemas.microsoft.com/developer/msbuild/2003">
  <ItemGroup>
    <Filter Include="include">
      <UniqueIdentifier>{93995380-89BD-4b04-88EB-625FBE52EBFB}</UniqueIdentifier>
      <Extensions>h</Extensions>
    </Filter>
    <Filter Include="source">
      <UniqueIdentifier>{4FC737F1-C7A5-4376-A066-2A32D752A2FF}</UniqueIdentifier>
      <Extensions>cpp;cxx;c;def</Extensions>
    </Filter>
    <Filter Include="resource">
      <UniqueIdentifier>{D9D6E242-F8AF-46E4-B9FD-80ECBC20BA3E}</UniqueIdentifier>
      <Extensions>qrc;*</Extensions>
      <ParseFiles>false</ParseFiles>
    </Filter>
    <Filter Include="precompiled">
      <UniqueIdentifier>{9f1bde38-6921-4a07-821f-d6073bd2b3dd}</UniqueIdentifier>
    </Filter>
    <Filter Include="Generated Files">
      <UniqueIdentifier>{71ED8ED8-ACB9-4CE9-BBE1-E00B30144E11}</UniqueIdentifier>
      <Extensions>moc;h;cpp</Extensions>
      <SourceControlFiles>False</SourceControlFiles>
    </Filter>
    <Filter Include="Generated Files\Debug">
      <UniqueIdentifier>{3a3585fc-d17c-4e6f-9526-4021b9f02406}</UniqueIdentifier>
      <Extensions>cpp;moc</Extensions>
      <SourceControlFiles>False</SourceControlFiles>
    </Filter>
    <Filter Include="Generated Files\Release">
      <UniqueIdentifier>{492a4327-5eef-4b8b-a4f5-b6fc801a1e7c}</UniqueIdentifier>
      <Extensions>cpp;moc</Extensions>
      <SourceControlFiles>False</SourceControlFiles>
    </Filter>
  </ItemGroup>
  <ItemGroup>
    <ClCompile Include="GeneratedFiles\qrc_main_window.cpp">
      <Filter>Generated Files</Filter>
    </ClCompile>
    <ClCompile Include="GeneratedFiles\Debug\moc_main_window.cpp">
      <Filter>Generated Files\Debug</Filter>
    </ClCompile>
    <ClCompile Include="GeneratedFiles\Release\moc_main_window.cpp">
      <Filter>Generated Files\Release</Filter>
    </ClCompile>
    <ClCompile Include="source\main.cpp">
      <Filter>source</Filter>
    </ClCompile>
    <ClCompile Include="source\main_window.cpp">
      <Filter>source</Filter>
    </ClCompile>
    <ClCompile Include="precompiled\precompiled.cpp">
      <Filter>precompiled</Filter>
    </ClCompile>
    <ClCompile Include="source\main_window_presenter.cpp">
      <Filter>source</Filter>
    </ClCompile>
  </ItemGroup>
  <ItemGroup>
    <CustomBuild Include="resource\main_window.qrc">
      <Filter>resource</Filter>
    </CustomBuild>
    <CustomBuild Include="include\main_window.h">
      <Filter>include</Filter>
    </CustomBuild>
    <CustomBuild Include="include\i_main_window_view.h">
      <Filter>include</Filter>
    </CustomBuild>
  </ItemGroup>
  <ItemGroup>
    <ClInclude Include="precompiled\precompiled.h">
      <Filter>precompiled</Filter>
    </ClInclude>
    <ClInclude Include="include\main_window_presenter.h">
      <Filter>include</Filter>
    </ClInclude>
    <ClInclude Include="include\i_main_window_model.h">
      <Filter>include</Filter>
    </ClInclude>
    <ClInclude Include="include\i_main_window_presenter.h">
      <Filter>include</Filter>
    </ClInclude>
  </ItemGroup>
</Project>